// !$*UTF8*$!
{
	archiveVersion = 1;
	classes = {
	};
	objectVersion = 55;
	objects = {

/* Begin PBXBuildFile section */
		1C07C00E27229A32007187D6 /* Scanner.swift in Sources */ = {isa = PBXBuildFile; fileRef = 1C07C00D27229A32007187D6 /* Scanner.swift */; };
		1C07C01127229E1C007187D6 /* ScannerCoordinator.swift in Sources */ = {isa = PBXBuildFile; fileRef = 1C07C01027229E1C007187D6 /* ScannerCoordinator.swift */; };
		1C1D17D7277C793A00089DF8 /* TextFieldAlert.swift in Sources */ = {isa = PBXBuildFile; fileRef = 1C1D17D6277C793A00089DF8 /* TextFieldAlert.swift */; };
		1C1D17DA277C796600089DF8 /* TemplateCard.swift in Sources */ = {isa = PBXBuildFile; fileRef = 1C1D17D9277C796600089DF8 /* TemplateCard.swift */; };
		1C24A3582735DFBC000BC723 /* SearchBar.swift in Sources */ = {isa = PBXBuildFile; fileRef = 1C24A3572735DFBC000BC723 /* SearchBar.swift */; };
		1C24A35A2735E2C4000BC723 /* CardDetailView.swift in Sources */ = {isa = PBXBuildFile; fileRef = 1C24A3592735E2C4000BC723 /* CardDetailView.swift */; };
		1C258A2B278476B300E72A86 /* CloseButton.swift in Sources */ = {isa = PBXBuildFile; fileRef = 1C258A2A278476B300E72A86 /* CloseButton.swift */; };
		1C26215A2781FC950035BA1F /* NSSet+ConvertSetToArray.swift in Sources */ = {isa = PBXBuildFile; fileRef = 1C2621592781FC950035BA1F /* NSSet+ConvertSetToArray.swift */; };
		1C28428627775E8500B19AD5 /* SideBarButtonStyle.swift in Sources */ = {isa = PBXBuildFile; fileRef = 1C28428527775E8500B19AD5 /* SideBarButtonStyle.swift */; };
		1C28428A27775EFC00B19AD5 /* SideBarButton.swift in Sources */ = {isa = PBXBuildFile; fileRef = 1C28428927775EFC00B19AD5 /* SideBarButton.swift */; };
		1C28428C27775F2000B19AD5 /* BlurView.swift in Sources */ = {isa = PBXBuildFile; fileRef = 1C28428B27775F2000B19AD5 /* BlurView.swift */; };
		1C310DE727230B4B007EB058 /* Launch Screen.storyboard in Resources */ = {isa = PBXBuildFile; fileRef = 1C310DE627230B4B007EB058 /* Launch Screen.storyboard */; };
		1C372F46278C556B00166246 /* SavedSpreads.swift in Sources */ = {isa = PBXBuildFile; fileRef = 1C372F45278C556B00166246 /* SavedSpreads.swift */; };
		1C407F7C2729E7A0004043D8 /* TarotCardsEnum.swift in Sources */ = {isa = PBXBuildFile; fileRef = 1C407F7B2729E7A0004043D8 /* TarotCardsEnum.swift */; };
		1C420602277E07C600B0199F /* SpreadTemplateView.swift in Sources */ = {isa = PBXBuildFile; fileRef = 1C420601277E07C600B0199F /* SpreadTemplateView.swift */; };
		1C420604277E0A5F00B0199F /* TemplateCardView.swift in Sources */ = {isa = PBXBuildFile; fileRef = 1C420603277E0A5F00B0199F /* TemplateCardView.swift */; };
		1C5257CF2785B673006F8BCF /* SegmentedPickerButton.swift in Sources */ = {isa = PBXBuildFile; fileRef = 1C5257CE2785B673006F8BCF /* SegmentedPickerButton.swift */; };
		1C5257D22785B89B006F8BCF /* SpreadTabs.swift in Sources */ = {isa = PBXBuildFile; fileRef = 1C5257D12785B89B006F8BCF /* SpreadTabs.swift */; };
		1C531FF527182B87005AD950 /* TaroterApp.swift in Sources */ = {isa = PBXBuildFile; fileRef = 1C531FF427182B87005AD950 /* TaroterApp.swift */; };
		1C531FF727182B87005AD950 /* MainView.swift in Sources */ = {isa = PBXBuildFile; fileRef = 1C531FF627182B87005AD950 /* MainView.swift */; };
		1C531FF927182B89005AD950 /* Assets.xcassets in Resources */ = {isa = PBXBuildFile; fileRef = 1C531FF827182B89005AD950 /* Assets.xcassets */; };
		1C531FFC27182B89005AD950 /* Preview Assets.xcassets in Resources */ = {isa = PBXBuildFile; fileRef = 1C531FFB27182B89005AD950 /* Preview Assets.xcassets */; };
		1C53200627182C62005AD950 /* WelcomeScreen.swift in Sources */ = {isa = PBXBuildFile; fileRef = 1C53200527182C62005AD950 /* WelcomeScreen.swift */; };
		1C53200827182CE6005AD950 /* WelcomeView.swift in Sources */ = {isa = PBXBuildFile; fileRef = 1C53200727182CE6005AD950 /* WelcomeView.swift */; };
		1C53200B27182DD0005AD950 /* MainButtonStyle.swift in Sources */ = {isa = PBXBuildFile; fileRef = 1C53200A27182DD0005AD950 /* MainButtonStyle.swift */; };
		1C53200F27182F7C005AD950 /* LocalizedStrings.swift in Sources */ = {isa = PBXBuildFile; fileRef = 1C53200E27182F7C005AD950 /* LocalizedStrings.swift */; };
		1C53201227182FAE005AD950 /* Localizable.strings in Resources */ = {isa = PBXBuildFile; fileRef = 1C53201427182FAE005AD950 /* Localizable.strings */; };
		1C53201727183302005AD950 /* HomeView.swift in Sources */ = {isa = PBXBuildFile; fileRef = 1C53201627183302005AD950 /* HomeView.swift */; };
		1C532019271839BA005AD950 /* AllCardsView.swift in Sources */ = {isa = PBXBuildFile; fileRef = 1C532018271839BA005AD950 /* AllCardsView.swift */; };
		1C629DA027B05F37001DD533 /* EmptySpreadLabelModifier.swift in Sources */ = {isa = PBXBuildFile; fileRef = 1C629D9F27B05F37001DD533 /* EmptySpreadLabelModifier.swift */; };
		1C62FD482786391F00F428C1 /* NewSpreadView.swift in Sources */ = {isa = PBXBuildFile; fileRef = 1C62FD472786391E00F428C1 /* NewSpreadView.swift */; };
		1C62FD4A27863C1100F428C1 /* SpreadTarotCard.swift in Sources */ = {isa = PBXBuildFile; fileRef = 1C62FD4927863C1100F428C1 /* SpreadTarotCard.swift */; };
		1C654625271CD09E00DDC36C /* TaroterCardModel.mlpackage in Sources */ = {isa = PBXBuildFile; fileRef = 1C654624271CD09E00DDC36C /* TaroterCardModel.mlpackage */; };
		1C6899822767EFF0004C4091 /* TarotCardModel.swift in Sources */ = {isa = PBXBuildFile; fileRef = 1CB9815C2729C845005A0B09 /* TarotCardModel.swift */; };
		1C6899832767EFF3004C4091 /* TarotCardsEnum.swift in Sources */ = {isa = PBXBuildFile; fileRef = 1C407F7B2729E7A0004043D8 /* TarotCardsEnum.swift */; };
		1C6899852767F113004C4091 /* TarotBooleanEnum.swift in Sources */ = {isa = PBXBuildFile; fileRef = 1CB981602729CF08005A0B09 /* TarotBooleanEnum.swift */; };
		1C6899862767F115004C4091 /* ArcanaEnum.swift in Sources */ = {isa = PBXBuildFile; fileRef = 1CB9815E2729C9AC005A0B09 /* ArcanaEnum.swift */; };
		1C6899882767F3BB004C4091 /* Assets.xcassets in Resources */ = {isa = PBXBuildFile; fileRef = 1CC6FF2B2767BDCB00B68785 /* Assets.xcassets */; };
		1C7144B5278B005900FA9AC5 /* SpreadCard.swift in Sources */ = {isa = PBXBuildFile; fileRef = 1C7144B4278B005900FA9AC5 /* SpreadCard.swift */; };
		1C71905727AD8FC00067BA09 /* CloudKit.framework in Frameworks */ = {isa = PBXBuildFile; fileRef = 1C71905627AD8FC00067BA09 /* CloudKit.framework */; };
		1C71905927AD98FE0067BA09 /* TemplateCardModifier.swift in Sources */ = {isa = PBXBuildFile; fileRef = 1C71905827AD98FE0067BA09 /* TemplateCardModifier.swift */; };
		1C770F0D27766110005FA2F9 /* TarotCardModel.swift in Sources */ = {isa = PBXBuildFile; fileRef = 1CB9815C2729C845005A0B09 /* TarotCardModel.swift */; };
		1C770F0E27766112005FA2F9 /* TarotCardsEnum.swift in Sources */ = {isa = PBXBuildFile; fileRef = 1C407F7B2729E7A0004043D8 /* TarotCardsEnum.swift */; };
		1C770F0F27766114005FA2F9 /* ArcanaEnum.swift in Sources */ = {isa = PBXBuildFile; fileRef = 1CB9815E2729C9AC005A0B09 /* ArcanaEnum.swift */; };
		1C770F1027766116005FA2F9 /* TarotBooleanEnum.swift in Sources */ = {isa = PBXBuildFile; fileRef = 1CB981602729CF08005A0B09 /* TarotBooleanEnum.swift */; };
		1C770F1127766168005FA2F9 /* CardManager.swift in Sources */ = {isa = PBXBuildFile; fileRef = 1C7F8194276951CA0084F2BF /* CardManager.swift */; };
		1C770F122776618B005FA2F9 /* Localizable.strings in Resources */ = {isa = PBXBuildFile; fileRef = 1C53201427182FAE005AD950 /* Localizable.strings */; };
		1C770F132776618E005FA2F9 /* LocalizedStrings.swift in Sources */ = {isa = PBXBuildFile; fileRef = 1C53200E27182F7C005AD950 /* LocalizedStrings.swift */; };
		1C770F1627766859005FA2F9 /* ListBuilder.swift in Sources */ = {isa = PBXBuildFile; fileRef = 1C7F81982769590F0084F2BF /* ListBuilder.swift */; };
		1C7F8195276951CA0084F2BF /* CardManager.swift in Sources */ = {isa = PBXBuildFile; fileRef = 1C7F8194276951CA0084F2BF /* CardManager.swift */; };
		1C7F8196276951DE0084F2BF /* CardManager.swift in Sources */ = {isa = PBXBuildFile; fileRef = 1C7F8194276951CA0084F2BF /* CardManager.swift */; };
		1C7F81992769590F0084F2BF /* ListBuilder.swift in Sources */ = {isa = PBXBuildFile; fileRef = 1C7F81982769590F0084F2BF /* ListBuilder.swift */; };
		1C7F819A276959220084F2BF /* ListBuilder.swift in Sources */ = {isa = PBXBuildFile; fileRef = 1C7F81982769590F0084F2BF /* ListBuilder.swift */; };
		1C7F819C27695D390084F2BF /* CardDetailView.swift in Sources */ = {isa = PBXBuildFile; fileRef = 1C7F819B27695D390084F2BF /* CardDetailView.swift */; };
		1C83036B2783797900559BF9 /* Tabs.swift in Sources */ = {isa = PBXBuildFile; fileRef = 1C83036A2783797900559BF9 /* Tabs.swift */; };
		1C960610274C4061007125C1 /* GridCard.swift in Sources */ = {isa = PBXBuildFile; fileRef = 1C96060F274C4061007125C1 /* GridCard.swift */; };
		1C9CA0E82769445A00C4BF20 /* SearchBar.swift in Sources */ = {isa = PBXBuildFile; fileRef = 1C9CA0E72769445A00C4BF20 /* SearchBar.swift */; };
		1C9CDECD27B040FB00902ECE /* CardViewManager.swift in Sources */ = {isa = PBXBuildFile; fileRef = 1C9CDECC27B040FB00902ECE /* CardViewManager.swift */; };
		1CB953EF2785C2BA00F109E2 /* SpreadTemplatePreview.swift in Sources */ = {isa = PBXBuildFile; fileRef = 1CB953EE2785C2BA00F109E2 /* SpreadTemplatePreview.swift */; };
		1CB953F12785CE4900F109E2 /* SegmentedPickerStyle.swift in Sources */ = {isa = PBXBuildFile; fileRef = 1CB953F02785CE4900F109E2 /* SegmentedPickerStyle.swift */; };
		1CB953F32785CF0700F109E2 /* SavedTemplates.swift in Sources */ = {isa = PBXBuildFile; fileRef = 1CB953F22785CF0700F109E2 /* SavedTemplates.swift */; };
		1CB953F62785D13900F109E2 /* NewSpreadTemplate.swift in Sources */ = {isa = PBXBuildFile; fileRef = 1CB953F52785D13900F109E2 /* NewSpreadTemplate.swift */; };
		1CB953F82785EE9D00F109E2 /* ExpandableView.swift in Sources */ = {isa = PBXBuildFile; fileRef = 1CB953F72785EE9D00F109E2 /* ExpandableView.swift */; };
		1CB953FB2785FB6500F109E2 /* CreateSpreadView.swift in Sources */ = {isa = PBXBuildFile; fileRef = 1CB953FA2785FB6500F109E2 /* CreateSpreadView.swift */; };
		1CB9815D2729C845005A0B09 /* TarotCardModel.swift in Sources */ = {isa = PBXBuildFile; fileRef = 1CB9815C2729C845005A0B09 /* TarotCardModel.swift */; };
		1CB9815F2729C9AC005A0B09 /* ArcanaEnum.swift in Sources */ = {isa = PBXBuildFile; fileRef = 1CB9815E2729C9AC005A0B09 /* ArcanaEnum.swift */; };
		1CB981612729CF08005A0B09 /* TarotBooleanEnum.swift in Sources */ = {isa = PBXBuildFile; fileRef = 1CB981602729CF08005A0B09 /* TarotBooleanEnum.swift */; };
		1CC5EE9227788F69003DE010 /* CardsView.swift in Sources */ = {isa = PBXBuildFile; fileRef = 1CC5EE9127788F69003DE010 /* CardsView.swift */; };
		1CC5EE95277893F8003DE010 /* CardDetailView.swift in Sources */ = {isa = PBXBuildFile; fileRef = 1CC5EE94277893F8003DE010 /* CardDetailView.swift */; };
		1CC6FF2C2767BDCB00B68785 /* Assets.xcassets in Resources */ = {isa = PBXBuildFile; fileRef = 1CC6FF2B2767BDCB00B68785 /* Assets.xcassets */; };
		1CC6FF322767BDCC00B68785 /* TaroterWatchOS WatchKit Extension.appex in Embed App Extensions */ = {isa = PBXBuildFile; fileRef = 1CC6FF312767BDCC00B68785 /* TaroterWatchOS WatchKit Extension.appex */; settings = {ATTRIBUTES = (RemoveHeadersOnCopy, ); }; };
		1CC6FF372767BDCC00B68785 /* MainView.swift in Sources */ = {isa = PBXBuildFile; fileRef = 1CC6FF362767BDCC00B68785 /* MainView.swift */; };
		1CC6FF392767BDCC00B68785 /* TaroterApp.swift in Sources */ = {isa = PBXBuildFile; fileRef = 1CC6FF382767BDCC00B68785 /* TaroterApp.swift */; };
		1CC6FF3D2767BDCD00B68785 /* Assets.xcassets in Resources */ = {isa = PBXBuildFile; fileRef = 1CC6FF3C2767BDCD00B68785 /* Assets.xcassets */; };
		1CC6FF402767BDCD00B68785 /* Preview Assets.xcassets in Resources */ = {isa = PBXBuildFile; fileRef = 1CC6FF3F2767BDCD00B68785 /* Preview Assets.xcassets */; };
		1CC6FF442767BDCD00B68785 /* Taroter.app in Embed Watch Content */ = {isa = PBXBuildFile; fileRef = 1CC6FF292767BDC700B68785 /* Taroter.app */; settings = {ATTRIBUTES = (RemoveHeadersOnCopy, ); }; };
		1CC6FF4D2767C23200B68785 /* Localizable.strings in Resources */ = {isa = PBXBuildFile; fileRef = 1C53201427182FAE005AD950 /* Localizable.strings */; };
		1CC6FF4E2767C23B00B68785 /* LocalizedStrings.swift in Sources */ = {isa = PBXBuildFile; fileRef = 1C53200E27182F7C005AD950 /* LocalizedStrings.swift */; };
		1CC6FF4F2767C23F00B68785 /* Localizable.strings in Resources */ = {isa = PBXBuildFile; fileRef = 1C53201427182FAE005AD950 /* Localizable.strings */; };
		1CD3B18627AC75E000CFCDBB /* SavedSpreadCardView.swift in Sources */ = {isa = PBXBuildFile; fileRef = 1CD3B18527AC75E000CFCDBB /* SavedSpreadCardView.swift */; };
		1CE5B42527761E69009E200D /* TaroterMacOSApp.swift in Sources */ = {isa = PBXBuildFile; fileRef = 1CE5B42427761E69009E200D /* TaroterMacOSApp.swift */; };
		1CE5B42727761E69009E200D /* MainView.swift in Sources */ = {isa = PBXBuildFile; fileRef = 1CE5B42627761E69009E200D /* MainView.swift */; };
		1CE5B42927761E6A009E200D /* Assets.xcassets in Resources */ = {isa = PBXBuildFile; fileRef = 1CE5B42827761E6A009E200D /* Assets.xcassets */; };
		1CE5B42C27761E6A009E200D /* Preview Assets.xcassets in Resources */ = {isa = PBXBuildFile; fileRef = 1CE5B42B27761E6A009E200D /* Preview Assets.xcassets */; };
		1CE5B42E27761E6A009E200D /* Persistence.swift in Sources */ = {isa = PBXBuildFile; fileRef = 1CE5B42D27761E6A009E200D /* Persistence.swift */; };
		1CE5B43127761E6A009E200D /* Taroter.xcdatamodeld in Sources */ = {isa = PBXBuildFile; fileRef = 1CE5B42F27761E6A009E200D /* Taroter.xcdatamodeld */; };
		1CE71758278F5B610007ED61 /* TemplateCardViewModel.swift in Sources */ = {isa = PBXBuildFile; fileRef = 1CE71757278F5B610007ED61 /* TemplateCardViewModel.swift */; };
		1CF050F92791AC7900CD881D /* SpreadPreview.swift in Sources */ = {isa = PBXBuildFile; fileRef = 1CF050F82791AC7900CD881D /* SpreadPreview.swift */; };
		1CF050FB2791B0FF00CD881D /* Background.swift in Sources */ = {isa = PBXBuildFile; fileRef = 1CF050FA2791B0FF00CD881D /* Background.swift */; };
		1CF050FD2791B1A700CD881D /* TarotCardViewModel.swift in Sources */ = {isa = PBXBuildFile; fileRef = 1CF050FC2791B1A700CD881D /* TarotCardViewModel.swift */; };
		1CF73482278DA47A000A33FD /* TextFieldAlertViewModel.swift in Sources */ = {isa = PBXBuildFile; fileRef = 1CF73481278DA47A000A33FD /* TextFieldAlertViewModel.swift */; };
/* End PBXBuildFile section */

/* Begin PBXContainerItemProxy section */
		1CC6FF332767BDCC00B68785 /* PBXContainerItemProxy */ = {
			isa = PBXContainerItemProxy;
			containerPortal = 1C531FE927182B87005AD950 /* Project object */;
			proxyType = 1;
			remoteGlobalIDString = 1CC6FF302767BDCC00B68785;
			remoteInfo = "TaroterWatchOS WatchKit Extension";
		};
		1CC6FF422767BDCD00B68785 /* PBXContainerItemProxy */ = {
			isa = PBXContainerItemProxy;
			containerPortal = 1C531FE927182B87005AD950 /* Project object */;
			proxyType = 1;
			remoteGlobalIDString = 1CC6FF282767BDC700B68785;
			remoteInfo = TaroterWatchOS;
		};
/* End PBXContainerItemProxy section */

/* Begin PBXCopyFilesBuildPhase section */
		1CC6FF452767BDCD00B68785 /* Embed Watch Content */ = {
			isa = PBXCopyFilesBuildPhase;
			buildActionMask = 2147483647;
			dstPath = "$(CONTENTS_FOLDER_PATH)/Watch";
			dstSubfolderSpec = 16;
			files = (
				1CC6FF442767BDCD00B68785 /* Taroter.app in Embed Watch Content */,
			);
			name = "Embed Watch Content";
			runOnlyForDeploymentPostprocessing = 0;
		};
		1CC6FF482767BDCD00B68785 /* Embed App Extensions */ = {
			isa = PBXCopyFilesBuildPhase;
			buildActionMask = 2147483647;
			dstPath = "";
			dstSubfolderSpec = 13;
			files = (
				1CC6FF322767BDCC00B68785 /* TaroterWatchOS WatchKit Extension.appex in Embed App Extensions */,
			);
			name = "Embed App Extensions";
			runOnlyForDeploymentPostprocessing = 0;
		};
/* End PBXCopyFilesBuildPhase section */

/* Begin PBXFileReference section */
		1C07C00D27229A32007187D6 /* Scanner.swift */ = {isa = PBXFileReference; lastKnownFileType = sourcecode.swift; path = Scanner.swift; sourceTree = "<group>"; };
		1C07C01027229E1C007187D6 /* ScannerCoordinator.swift */ = {isa = PBXFileReference; lastKnownFileType = sourcecode.swift; path = ScannerCoordinator.swift; sourceTree = "<group>"; };
		1C1D17D6277C793A00089DF8 /* TextFieldAlert.swift */ = {isa = PBXFileReference; lastKnownFileType = sourcecode.swift; path = TextFieldAlert.swift; sourceTree = "<group>"; };
		1C1D17D9277C796600089DF8 /* TemplateCard.swift */ = {isa = PBXFileReference; lastKnownFileType = sourcecode.swift; path = TemplateCard.swift; sourceTree = "<group>"; };
		1C24A3572735DFBC000BC723 /* SearchBar.swift */ = {isa = PBXFileReference; lastKnownFileType = sourcecode.swift; path = SearchBar.swift; sourceTree = "<group>"; };
		1C24A3592735E2C4000BC723 /* CardDetailView.swift */ = {isa = PBXFileReference; lastKnownFileType = sourcecode.swift; path = CardDetailView.swift; sourceTree = "<group>"; };
		1C258A2A278476B300E72A86 /* CloseButton.swift */ = {isa = PBXFileReference; lastKnownFileType = sourcecode.swift; path = CloseButton.swift; sourceTree = "<group>"; };
		1C2621592781FC950035BA1F /* NSSet+ConvertSetToArray.swift */ = {isa = PBXFileReference; lastKnownFileType = sourcecode.swift; path = "NSSet+ConvertSetToArray.swift"; sourceTree = "<group>"; };
		1C28428527775E8500B19AD5 /* SideBarButtonStyle.swift */ = {isa = PBXFileReference; lastKnownFileType = sourcecode.swift; path = SideBarButtonStyle.swift; sourceTree = "<group>"; };
		1C28428927775EFC00B19AD5 /* SideBarButton.swift */ = {isa = PBXFileReference; lastKnownFileType = sourcecode.swift; path = SideBarButton.swift; sourceTree = "<group>"; };
		1C28428B27775F2000B19AD5 /* BlurView.swift */ = {isa = PBXFileReference; lastKnownFileType = sourcecode.swift; path = BlurView.swift; sourceTree = "<group>"; };
		1C310DE627230B4B007EB058 /* Launch Screen.storyboard */ = {isa = PBXFileReference; lastKnownFileType = file.storyboard; path = "Launch Screen.storyboard"; sourceTree = "<group>"; };
		1C372F45278C556B00166246 /* SavedSpreads.swift */ = {isa = PBXFileReference; lastKnownFileType = sourcecode.swift; path = SavedSpreads.swift; sourceTree = "<group>"; };
		1C407F7B2729E7A0004043D8 /* TarotCardsEnum.swift */ = {isa = PBXFileReference; lastKnownFileType = sourcecode.swift; path = TarotCardsEnum.swift; sourceTree = "<group>"; };
		1C420601277E07C600B0199F /* SpreadTemplateView.swift */ = {isa = PBXFileReference; lastKnownFileType = sourcecode.swift; path = SpreadTemplateView.swift; sourceTree = "<group>"; };
		1C420603277E0A5F00B0199F /* TemplateCardView.swift */ = {isa = PBXFileReference; lastKnownFileType = sourcecode.swift; path = TemplateCardView.swift; sourceTree = "<group>"; };
		1C5257CE2785B673006F8BCF /* SegmentedPickerButton.swift */ = {isa = PBXFileReference; lastKnownFileType = sourcecode.swift; path = SegmentedPickerButton.swift; sourceTree = "<group>"; };
		1C5257D12785B89B006F8BCF /* SpreadTabs.swift */ = {isa = PBXFileReference; lastKnownFileType = sourcecode.swift; path = SpreadTabs.swift; sourceTree = "<group>"; };
		1C531FF127182B87005AD950 /* Taroter.app */ = {isa = PBXFileReference; explicitFileType = wrapper.application; includeInIndex = 0; path = Taroter.app; sourceTree = BUILT_PRODUCTS_DIR; };
		1C531FF427182B87005AD950 /* TaroterApp.swift */ = {isa = PBXFileReference; lastKnownFileType = sourcecode.swift; path = TaroterApp.swift; sourceTree = "<group>"; };
		1C531FF627182B87005AD950 /* MainView.swift */ = {isa = PBXFileReference; lastKnownFileType = sourcecode.swift; path = MainView.swift; sourceTree = "<group>"; };
		1C531FF827182B89005AD950 /* Assets.xcassets */ = {isa = PBXFileReference; lastKnownFileType = folder.assetcatalog; path = Assets.xcassets; sourceTree = "<group>"; };
		1C531FFB27182B89005AD950 /* Preview Assets.xcassets */ = {isa = PBXFileReference; lastKnownFileType = folder.assetcatalog; path = "Preview Assets.xcassets"; sourceTree = "<group>"; };
		1C53200527182C62005AD950 /* WelcomeScreen.swift */ = {isa = PBXFileReference; lastKnownFileType = sourcecode.swift; path = WelcomeScreen.swift; sourceTree = "<group>"; };
		1C53200727182CE6005AD950 /* WelcomeView.swift */ = {isa = PBXFileReference; lastKnownFileType = sourcecode.swift; path = WelcomeView.swift; sourceTree = "<group>"; };
		1C53200A27182DD0005AD950 /* MainButtonStyle.swift */ = {isa = PBXFileReference; lastKnownFileType = sourcecode.swift; path = MainButtonStyle.swift; sourceTree = "<group>"; };
		1C53200E27182F7C005AD950 /* LocalizedStrings.swift */ = {isa = PBXFileReference; lastKnownFileType = sourcecode.swift; path = LocalizedStrings.swift; sourceTree = "<group>"; };
		1C53201327182FAE005AD950 /* en */ = {isa = PBXFileReference; lastKnownFileType = text.plist.strings; name = en; path = en.lproj/Localizable.strings; sourceTree = "<group>"; };
		1C53201527182FB1005AD950 /* pl */ = {isa = PBXFileReference; lastKnownFileType = text.plist.strings; name = pl; path = pl.lproj/Localizable.strings; sourceTree = "<group>"; };
		1C53201627183302005AD950 /* HomeView.swift */ = {isa = PBXFileReference; lastKnownFileType = sourcecode.swift; path = HomeView.swift; sourceTree = "<group>"; };
		1C532018271839BA005AD950 /* AllCardsView.swift */ = {isa = PBXFileReference; lastKnownFileType = sourcecode.swift; path = AllCardsView.swift; sourceTree = "<group>"; };
		1C629D9F27B05F37001DD533 /* EmptySpreadLabelModifier.swift */ = {isa = PBXFileReference; lastKnownFileType = sourcecode.swift; path = EmptySpreadLabelModifier.swift; sourceTree = "<group>"; };
		1C62FD472786391E00F428C1 /* NewSpreadView.swift */ = {isa = PBXFileReference; lastKnownFileType = sourcecode.swift; path = NewSpreadView.swift; sourceTree = "<group>"; };
		1C62FD4927863C1100F428C1 /* SpreadTarotCard.swift */ = {isa = PBXFileReference; lastKnownFileType = sourcecode.swift; path = SpreadTarotCard.swift; sourceTree = "<group>"; };
		1C654624271CD09E00DDC36C /* TaroterCardModel.mlpackage */ = {isa = PBXFileReference; lastKnownFileType = folder.mlpackage; path = TaroterCardModel.mlpackage; sourceTree = "<group>"; };
		1C7144B4278B005900FA9AC5 /* SpreadCard.swift */ = {isa = PBXFileReference; lastKnownFileType = sourcecode.swift; path = SpreadCard.swift; sourceTree = "<group>"; };
		1C71905627AD8FC00067BA09 /* CloudKit.framework */ = {isa = PBXFileReference; lastKnownFileType = wrapper.framework; name = CloudKit.framework; path = Platforms/MacOSX.platform/Developer/SDKs/MacOSX12.1.sdk/System/Library/Frameworks/CloudKit.framework; sourceTree = DEVELOPER_DIR; };
		1C71905827AD98FE0067BA09 /* TemplateCardModifier.swift */ = {isa = PBXFileReference; lastKnownFileType = sourcecode.swift; path = TemplateCardModifier.swift; sourceTree = "<group>"; };
		1C7F8194276951CA0084F2BF /* CardManager.swift */ = {isa = PBXFileReference; lastKnownFileType = sourcecode.swift; path = CardManager.swift; sourceTree = "<group>"; };
		1C7F81982769590F0084F2BF /* ListBuilder.swift */ = {isa = PBXFileReference; lastKnownFileType = sourcecode.swift; path = ListBuilder.swift; sourceTree = "<group>"; };
		1C7F819B27695D390084F2BF /* CardDetailView.swift */ = {isa = PBXFileReference; lastKnownFileType = sourcecode.swift; path = CardDetailView.swift; sourceTree = "<group>"; };
		1C83036A2783797900559BF9 /* Tabs.swift */ = {isa = PBXFileReference; lastKnownFileType = sourcecode.swift; path = Tabs.swift; sourceTree = "<group>"; };
		1C96060F274C4061007125C1 /* GridCard.swift */ = {isa = PBXFileReference; lastKnownFileType = sourcecode.swift; path = GridCard.swift; sourceTree = "<group>"; };
		1C9CA0E72769445A00C4BF20 /* SearchBar.swift */ = {isa = PBXFileReference; lastKnownFileType = sourcecode.swift; path = SearchBar.swift; sourceTree = "<group>"; };
		1C9CDECC27B040FB00902ECE /* CardViewManager.swift */ = {isa = PBXFileReference; lastKnownFileType = sourcecode.swift; path = CardViewManager.swift; sourceTree = "<group>"; };
		1CB953EE2785C2BA00F109E2 /* SpreadTemplatePreview.swift */ = {isa = PBXFileReference; lastKnownFileType = sourcecode.swift; path = SpreadTemplatePreview.swift; sourceTree = "<group>"; };
		1CB953F02785CE4900F109E2 /* SegmentedPickerStyle.swift */ = {isa = PBXFileReference; lastKnownFileType = sourcecode.swift; path = SegmentedPickerStyle.swift; sourceTree = "<group>"; };
		1CB953F22785CF0700F109E2 /* SavedTemplates.swift */ = {isa = PBXFileReference; lastKnownFileType = sourcecode.swift; path = SavedTemplates.swift; sourceTree = "<group>"; };
		1CB953F52785D13900F109E2 /* NewSpreadTemplate.swift */ = {isa = PBXFileReference; lastKnownFileType = sourcecode.swift; path = NewSpreadTemplate.swift; sourceTree = "<group>"; };
		1CB953F72785EE9D00F109E2 /* ExpandableView.swift */ = {isa = PBXFileReference; lastKnownFileType = sourcecode.swift; path = ExpandableView.swift; sourceTree = "<group>"; };
		1CB953FA2785FB6500F109E2 /* CreateSpreadView.swift */ = {isa = PBXFileReference; lastKnownFileType = sourcecode.swift; path = CreateSpreadView.swift; sourceTree = "<group>"; };
		1CB9815C2729C845005A0B09 /* TarotCardModel.swift */ = {isa = PBXFileReference; lastKnownFileType = sourcecode.swift; path = TarotCardModel.swift; sourceTree = "<group>"; };
		1CB9815E2729C9AC005A0B09 /* ArcanaEnum.swift */ = {isa = PBXFileReference; lastKnownFileType = sourcecode.swift; path = ArcanaEnum.swift; sourceTree = "<group>"; };
		1CB981602729CF08005A0B09 /* TarotBooleanEnum.swift */ = {isa = PBXFileReference; lastKnownFileType = sourcecode.swift; path = TarotBooleanEnum.swift; sourceTree = "<group>"; };
		1CC5EE9127788F69003DE010 /* CardsView.swift */ = {isa = PBXFileReference; lastKnownFileType = sourcecode.swift; path = CardsView.swift; sourceTree = "<group>"; };
		1CC5EE94277893F8003DE010 /* CardDetailView.swift */ = {isa = PBXFileReference; lastKnownFileType = sourcecode.swift; path = CardDetailView.swift; sourceTree = "<group>"; };
		1CC6FF292767BDC700B68785 /* Taroter.app */ = {isa = PBXFileReference; explicitFileType = wrapper.application; includeInIndex = 0; path = Taroter.app; sourceTree = BUILT_PRODUCTS_DIR; };
		1CC6FF2B2767BDCB00B68785 /* Assets.xcassets */ = {isa = PBXFileReference; lastKnownFileType = folder.assetcatalog; path = Assets.xcassets; sourceTree = "<group>"; };
		1CC6FF312767BDCC00B68785 /* TaroterWatchOS WatchKit Extension.appex */ = {isa = PBXFileReference; explicitFileType = "wrapper.app-extension"; includeInIndex = 0; path = "TaroterWatchOS WatchKit Extension.appex"; sourceTree = BUILT_PRODUCTS_DIR; };
		1CC6FF362767BDCC00B68785 /* MainView.swift */ = {isa = PBXFileReference; lastKnownFileType = sourcecode.swift; path = MainView.swift; sourceTree = "<group>"; };
		1CC6FF382767BDCC00B68785 /* TaroterApp.swift */ = {isa = PBXFileReference; lastKnownFileType = sourcecode.swift; path = TaroterApp.swift; sourceTree = "<group>"; };
		1CC6FF3C2767BDCD00B68785 /* Assets.xcassets */ = {isa = PBXFileReference; lastKnownFileType = folder.assetcatalog; path = Assets.xcassets; sourceTree = "<group>"; };
		1CC6FF3F2767BDCD00B68785 /* Preview Assets.xcassets */ = {isa = PBXFileReference; lastKnownFileType = folder.assetcatalog; path = "Preview Assets.xcassets"; sourceTree = "<group>"; };
		1CC6FF412767BDCD00B68785 /* Info.plist */ = {isa = PBXFileReference; lastKnownFileType = text.plist.xml; path = Info.plist; sourceTree = "<group>"; };
		1CD3B18527AC75E000CFCDBB /* SavedSpreadCardView.swift */ = {isa = PBXFileReference; lastKnownFileType = sourcecode.swift; path = SavedSpreadCardView.swift; sourceTree = "<group>"; };
		1CE5B42227761E69009E200D /* Taroter.app */ = {isa = PBXFileReference; explicitFileType = wrapper.application; includeInIndex = 0; path = Taroter.app; sourceTree = BUILT_PRODUCTS_DIR; };
		1CE5B42427761E69009E200D /* TaroterMacOSApp.swift */ = {isa = PBXFileReference; lastKnownFileType = sourcecode.swift; path = TaroterMacOSApp.swift; sourceTree = "<group>"; };
		1CE5B42627761E69009E200D /* MainView.swift */ = {isa = PBXFileReference; lastKnownFileType = sourcecode.swift; path = MainView.swift; sourceTree = "<group>"; };
		1CE5B42827761E6A009E200D /* Assets.xcassets */ = {isa = PBXFileReference; lastKnownFileType = folder.assetcatalog; path = Assets.xcassets; sourceTree = "<group>"; };
		1CE5B42B27761E6A009E200D /* Preview Assets.xcassets */ = {isa = PBXFileReference; lastKnownFileType = folder.assetcatalog; path = "Preview Assets.xcassets"; sourceTree = "<group>"; };
		1CE5B42D27761E6A009E200D /* Persistence.swift */ = {isa = PBXFileReference; lastKnownFileType = sourcecode.swift; path = Persistence.swift; sourceTree = "<group>"; };
		1CE5B43027761E6A009E200D /* TaroterMacOS.xcdatamodel */ = {isa = PBXFileReference; lastKnownFileType = wrapper.xcdatamodel; path = TaroterMacOS.xcdatamodel; sourceTree = "<group>"; };
		1CE5B43227761E6A009E200D /* TaroterMacOS.entitlements */ = {isa = PBXFileReference; lastKnownFileType = text.plist.entitlements; path = TaroterMacOS.entitlements; sourceTree = "<group>"; };
		1CE71757278F5B610007ED61 /* TemplateCardViewModel.swift */ = {isa = PBXFileReference; lastKnownFileType = sourcecode.swift; path = TemplateCardViewModel.swift; sourceTree = "<group>"; };
		1CF050F82791AC7900CD881D /* SpreadPreview.swift */ = {isa = PBXFileReference; lastKnownFileType = sourcecode.swift; path = SpreadPreview.swift; sourceTree = "<group>"; };
		1CF050FA2791B0FF00CD881D /* Background.swift */ = {isa = PBXFileReference; lastKnownFileType = sourcecode.swift; path = Background.swift; sourceTree = "<group>"; };
		1CF050FC2791B1A700CD881D /* TarotCardViewModel.swift */ = {isa = PBXFileReference; lastKnownFileType = sourcecode.swift; path = TarotCardViewModel.swift; sourceTree = "<group>"; };
		1CF73481278DA47A000A33FD /* TextFieldAlertViewModel.swift */ = {isa = PBXFileReference; lastKnownFileType = sourcecode.swift; path = TextFieldAlertViewModel.swift; sourceTree = "<group>"; };
/* End PBXFileReference section */

/* Begin PBXFrameworksBuildPhase section */
		1C531FEE27182B87005AD950 /* Frameworks */ = {
			isa = PBXFrameworksBuildPhase;
			buildActionMask = 2147483647;
			files = (
			);
			runOnlyForDeploymentPostprocessing = 0;
		};
		1CC6FF2E2767BDCC00B68785 /* Frameworks */ = {
			isa = PBXFrameworksBuildPhase;
			buildActionMask = 2147483647;
			files = (
			);
			runOnlyForDeploymentPostprocessing = 0;
		};
		1CE5B41F27761E69009E200D /* Frameworks */ = {
			isa = PBXFrameworksBuildPhase;
			buildActionMask = 2147483647;
			files = (
				1C71905727AD8FC00067BA09 /* CloudKit.framework in Frameworks */,
			);
			runOnlyForDeploymentPostprocessing = 0;
		};
/* End PBXFrameworksBuildPhase section */

/* Begin PBXGroup section */
		1C07C00F27229E0F007187D6 /* Scanner */ = {
			isa = PBXGroup;
			children = (
				1C07C00D27229A32007187D6 /* Scanner.swift */,
				1C07C01027229E1C007187D6 /* ScannerCoordinator.swift */,
			);
			path = Scanner;
			sourceTree = "<group>";
		};
		1C1D17D8277C795800089DF8 /* Models */ = {
			isa = PBXGroup;
			children = (
				1C1D17D9277C796600089DF8 /* TemplateCard.swift */,
				1C7144B4278B005900FA9AC5 /* SpreadCard.swift */,
				1C83036A2783797900559BF9 /* Tabs.swift */,
				1C5257D12785B89B006F8BCF /* SpreadTabs.swift */,
			);
			path = Models;
			sourceTree = "<group>";
		};
		1C2621582781FC7C0035BA1F /* Extensions */ = {
			isa = PBXGroup;
			children = (
				1C2621592781FC950035BA1F /* NSSet+ConvertSetToArray.swift */,
			);
			path = Extensions;
			sourceTree = "<group>";
		};
		1C28428327775C1400B19AD5 /* Views */ = {
			isa = PBXGroup;
			children = (
				1C28428727775EEF00B19AD5 /* Tabs */,
				1C28428827775EF200B19AD5 /* Components */,
			);
			path = Views;
			sourceTree = "<group>";
		};
		1C28428427775E6D00B19AD5 /* Modifiers */ = {
			isa = PBXGroup;
			children = (
				1C28428527775E8500B19AD5 /* SideBarButtonStyle.swift */,
				1CB953F02785CE4900F109E2 /* SegmentedPickerStyle.swift */,
				1C71905827AD98FE0067BA09 /* TemplateCardModifier.swift */,
				1C629D9F27B05F37001DD533 /* EmptySpreadLabelModifier.swift */,
			);
			path = Modifiers;
			sourceTree = "<group>";
		};
		1C28428727775EEF00B19AD5 /* Tabs */ = {
			isa = PBXGroup;
			children = (
				1CB953F92785FB5900F109E2 /* SpreadView */,
				1CB953F42785CFCA00F109E2 /* SpreadTemplateViews */,
				1CE5B42627761E69009E200D /* MainView.swift */,
				1CC5EE9127788F69003DE010 /* CardsView.swift */,
				1CC5EE94277893F8003DE010 /* CardDetailView.swift */,
				1CD3B18527AC75E000CFCDBB /* SavedSpreadCardView.swift */,
			);
			path = Tabs;
			sourceTree = "<group>";
		};
		1C28428827775EF200B19AD5 /* Components */ = {
			isa = PBXGroup;
			children = (
				1C28428927775EFC00B19AD5 /* SideBarButton.swift */,
				1C5257CE2785B673006F8BCF /* SegmentedPickerButton.swift */,
				1C28428B27775F2000B19AD5 /* BlurView.swift */,
				1C1D17D6277C793A00089DF8 /* TextFieldAlert.swift */,
				1C420603277E0A5F00B0199F /* TemplateCardView.swift */,
				1C258A2A278476B300E72A86 /* CloseButton.swift */,
				1CB953F72785EE9D00F109E2 /* ExpandableView.swift */,
				1C62FD4927863C1100F428C1 /* SpreadTarotCard.swift */,
				1CF050FA2791B0FF00CD881D /* Background.swift */,
			);
			path = Components;
			sourceTree = "<group>";
		};
		1C531FE827182B87005AD950 = {
			isa = PBXGroup;
			children = (
				1C53200C27182F5E005AD950 /* Shared */,
				1C531FF327182B87005AD950 /* TaroterIOS */,
				1CC6FF2A2767BDC700B68785 /* TaroterWatchOS */,
				1CC6FF352767BDCC00B68785 /* TaroterWatchOS WatchKit Extension */,
				1CE5B42327761E69009E200D /* TaroterMacOS */,
				1C531FF227182B87005AD950 /* Products */,
				1C71905527AD8FC00067BA09 /* Frameworks */,
			);
			sourceTree = "<group>";
		};
		1C531FF227182B87005AD950 /* Products */ = {
			isa = PBXGroup;
			children = (
				1C531FF127182B87005AD950 /* Taroter.app */,
				1CC6FF292767BDC700B68785 /* Taroter.app */,
				1CC6FF312767BDCC00B68785 /* TaroterWatchOS WatchKit Extension.appex */,
				1CE5B42227761E69009E200D /* Taroter.app */,
			);
			name = Products;
			sourceTree = "<group>";
		};
		1C531FF327182B87005AD950 /* TaroterIOS */ = {
			isa = PBXGroup;
			children = (
				1C53200227182C1E005AD950 /* Views */,
				1C53200927182DB8005AD950 /* Modifiers */,
				1C531FF427182B87005AD950 /* TaroterApp.swift */,
				1C310DE627230B4B007EB058 /* Launch Screen.storyboard */,
				1C531FF827182B89005AD950 /* Assets.xcassets */,
				1C531FFA27182B89005AD950 /* Preview Content */,
			);
			path = TaroterIOS;
			sourceTree = "<group>";
		};
		1C531FFA27182B89005AD950 /* Preview Content */ = {
			isa = PBXGroup;
			children = (
				1C531FFB27182B89005AD950 /* Preview Assets.xcassets */,
			);
			path = "Preview Content";
			sourceTree = "<group>";
		};
		1C53200227182C1E005AD950 /* Views */ = {
			isa = PBXGroup;
			children = (
				1C53200327182C26005AD950 /* Tabs */,
				1C53200427182C3A005AD950 /* Components */,
			);
			path = Views;
			sourceTree = "<group>";
		};
		1C53200327182C26005AD950 /* Tabs */ = {
			isa = PBXGroup;
			children = (
				1C53200727182CE6005AD950 /* WelcomeView.swift */,
				1C53201627183302005AD950 /* HomeView.swift */,
				1C532018271839BA005AD950 /* AllCardsView.swift */,
				1C24A3592735E2C4000BC723 /* CardDetailView.swift */,
				1C531FF627182B87005AD950 /* MainView.swift */,
			);
			path = Tabs;
			sourceTree = "<group>";
		};
		1C53200427182C3A005AD950 /* Components */ = {
			isa = PBXGroup;
			children = (
				1C07C00F27229E0F007187D6 /* Scanner */,
				1C96060F274C4061007125C1 /* GridCard.swift */,
				1C53200527182C62005AD950 /* WelcomeScreen.swift */,
				1C24A3572735DFBC000BC723 /* SearchBar.swift */,
			);
			path = Components;
			sourceTree = "<group>";
		};
		1C53200927182DB8005AD950 /* Modifiers */ = {
			isa = PBXGroup;
			children = (
				1C53200A27182DD0005AD950 /* MainButtonStyle.swift */,
			);
			path = Modifiers;
			sourceTree = "<group>";
		};
		1C53200C27182F5E005AD950 /* Shared */ = {
			isa = PBXGroup;
			children = (
				1C7F8197276958F50084F2BF /* ViewModels */,
				1C53200D27182F66005AD950 /* Localization */,
				1C7F81932769519F0084F2BF /* Protocols */,
				1CB9815B2729C83A005A0B09 /* Models */,
				1C654624271CD09E00DDC36C /* TaroterCardModel.mlpackage */,
			);
			path = Shared;
			sourceTree = "<group>";
		};
		1C53200D27182F66005AD950 /* Localization */ = {
			isa = PBXGroup;
			children = (
				1C53201427182FAE005AD950 /* Localizable.strings */,
				1C53200E27182F7C005AD950 /* LocalizedStrings.swift */,
			);
			path = Localization;
			sourceTree = "<group>";
		};
		1C71905527AD8FC00067BA09 /* Frameworks */ = {
			isa = PBXGroup;
			children = (
				1C71905627AD8FC00067BA09 /* CloudKit.framework */,
			);
			name = Frameworks;
			sourceTree = "<group>";
		};
		1C7F81932769519F0084F2BF /* Protocols */ = {
			isa = PBXGroup;
			children = (
				1C7F8194276951CA0084F2BF /* CardManager.swift */,
			);
			path = Protocols;
			sourceTree = "<group>";
		};
		1C7F8197276958F50084F2BF /* ViewModels */ = {
			isa = PBXGroup;
			children = (
				1C7F81982769590F0084F2BF /* ListBuilder.swift */,
			);
			path = ViewModels;
			sourceTree = "<group>";
		};
		1C9CA0E62769444800C4BF20 /* Views */ = {
			isa = PBXGroup;
			children = (
				1CC6FF362767BDCC00B68785 /* MainView.swift */,
				1C9CA0E72769445A00C4BF20 /* SearchBar.swift */,
				1C7F819B27695D390084F2BF /* CardDetailView.swift */,
			);
			path = Views;
			sourceTree = "<group>";
		};
		1C9CDECB27B040F000902ECE /* Protocols */ = {
			isa = PBXGroup;
			children = (
				1C9CDECC27B040FB00902ECE /* CardViewManager.swift */,
			);
			path = Protocols;
			sourceTree = "<group>";
		};
		1CB953F42785CFCA00F109E2 /* SpreadTemplateViews */ = {
			isa = PBXGroup;
			children = (
				1C420601277E07C600B0199F /* SpreadTemplateView.swift */,
				1CB953F22785CF0700F109E2 /* SavedTemplates.swift */,
				1CB953EE2785C2BA00F109E2 /* SpreadTemplatePreview.swift */,
				1CB953F52785D13900F109E2 /* NewSpreadTemplate.swift */,
			);
			path = SpreadTemplateViews;
			sourceTree = "<group>";
		};
		1CB953F92785FB5900F109E2 /* SpreadView */ = {
			isa = PBXGroup;
			children = (
				1CB953FA2785FB6500F109E2 /* CreateSpreadView.swift */,
				1C372F45278C556B00166246 /* SavedSpreads.swift */,
				1CF050F82791AC7900CD881D /* SpreadPreview.swift */,
				1C62FD472786391E00F428C1 /* NewSpreadView.swift */,
			);
			path = SpreadView;
			sourceTree = "<group>";
		};
		1CB9815B2729C83A005A0B09 /* Models */ = {
			isa = PBXGroup;
			children = (
				1CB9815C2729C845005A0B09 /* TarotCardModel.swift */,
				1C407F7B2729E7A0004043D8 /* TarotCardsEnum.swift */,
				1CB9815E2729C9AC005A0B09 /* ArcanaEnum.swift */,
				1CB981602729CF08005A0B09 /* TarotBooleanEnum.swift */,
			);
			path = Models;
			sourceTree = "<group>";
		};
		1CC5EE93277890CD003DE010 /* Core Data */ = {
			isa = PBXGroup;
			children = (
				1CE5B42F27761E6A009E200D /* Taroter.xcdatamodeld */,
				1CE5B42D27761E6A009E200D /* Persistence.swift */,
			);
			path = "Core Data";
			sourceTree = "<group>";
		};
		1CC6FF2A2767BDC700B68785 /* TaroterWatchOS */ = {
			isa = PBXGroup;
			children = (
				1CC6FF2B2767BDCB00B68785 /* Assets.xcassets */,
			);
			path = TaroterWatchOS;
			sourceTree = "<group>";
		};
		1CC6FF352767BDCC00B68785 /* TaroterWatchOS WatchKit Extension */ = {
			isa = PBXGroup;
			children = (
				1C9CA0E62769444800C4BF20 /* Views */,
				1CC6FF382767BDCC00B68785 /* TaroterApp.swift */,
				1CC6FF3C2767BDCD00B68785 /* Assets.xcassets */,
				1CC6FF412767BDCD00B68785 /* Info.plist */,
				1CC6FF3E2767BDCD00B68785 /* Preview Content */,
			);
			path = "TaroterWatchOS WatchKit Extension";
			sourceTree = "<group>";
		};
		1CC6FF3E2767BDCD00B68785 /* Preview Content */ = {
			isa = PBXGroup;
			children = (
				1CC6FF3F2767BDCD00B68785 /* Preview Assets.xcassets */,
			);
			path = "Preview Content";
			sourceTree = "<group>";
		};
		1CE5B42327761E69009E200D /* TaroterMacOS */ = {
			isa = PBXGroup;
			children = (
				1C9CDECB27B040F000902ECE /* Protocols */,
				1CF73480278DA468000A33FD /* ViewModels */,
				1C2621582781FC7C0035BA1F /* Extensions */,
				1C1D17D8277C795800089DF8 /* Models */,
				1CC5EE93277890CD003DE010 /* Core Data */,
				1C28428427775E6D00B19AD5 /* Modifiers */,
				1C28428327775C1400B19AD5 /* Views */,
				1CE5B42427761E69009E200D /* TaroterMacOSApp.swift */,
				1CE5B42827761E6A009E200D /* Assets.xcassets */,
				1CE5B43227761E6A009E200D /* TaroterMacOS.entitlements */,
				1CE5B42A27761E6A009E200D /* Preview Content */,
			);
			path = TaroterMacOS;
			sourceTree = "<group>";
		};
		1CE5B42A27761E6A009E200D /* Preview Content */ = {
			isa = PBXGroup;
			children = (
				1CE5B42B27761E6A009E200D /* Preview Assets.xcassets */,
			);
			path = "Preview Content";
			sourceTree = "<group>";
		};
		1CF73480278DA468000A33FD /* ViewModels */ = {
			isa = PBXGroup;
			children = (
				1CF73481278DA47A000A33FD /* TextFieldAlertViewModel.swift */,
				1CE71757278F5B610007ED61 /* TemplateCardViewModel.swift */,
				1CF050FC2791B1A700CD881D /* TarotCardViewModel.swift */,
			);
			path = ViewModels;
			sourceTree = "<group>";
		};
/* End PBXGroup section */

/* Begin PBXNativeTarget section */
		1C531FF027182B87005AD950 /* Taroter */ = {
			isa = PBXNativeTarget;
			buildConfigurationList = 1C531FFF27182B89005AD950 /* Build configuration list for PBXNativeTarget "Taroter" */;
			buildPhases = (
				1C531FED27182B87005AD950 /* Sources */,
				1C531FEE27182B87005AD950 /* Frameworks */,
				1C531FEF27182B87005AD950 /* Resources */,
				1CC6FF452767BDCD00B68785 /* Embed Watch Content */,
			);
			buildRules = (
			);
			dependencies = (
				1CC6FF432767BDCD00B68785 /* PBXTargetDependency */,
			);
			name = Taroter;
			productName = Taroter;
			productReference = 1C531FF127182B87005AD950 /* Taroter.app */;
			productType = "com.apple.product-type.application";
		};
		1CC6FF282767BDC700B68785 /* TaroterWatchOS */ = {
			isa = PBXNativeTarget;
			buildConfigurationList = 1CC6FF4C2767BDCD00B68785 /* Build configuration list for PBXNativeTarget "TaroterWatchOS" */;
			buildPhases = (
				1CC6FF272767BDC700B68785 /* Resources */,
				1CC6FF482767BDCD00B68785 /* Embed App Extensions */,
			);
			buildRules = (
			);
			dependencies = (
				1CC6FF342767BDCC00B68785 /* PBXTargetDependency */,
			);
			name = TaroterWatchOS;
			productName = TaroterWatchOS;
			productReference = 1CC6FF292767BDC700B68785 /* Taroter.app */;
			productType = "com.apple.product-type.application.watchapp2";
		};
		1CC6FF302767BDCC00B68785 /* TaroterWatchOS WatchKit Extension */ = {
			isa = PBXNativeTarget;
			buildConfigurationList = 1CC6FF4B2767BDCD00B68785 /* Build configuration list for PBXNativeTarget "TaroterWatchOS WatchKit Extension" */;
			buildPhases = (
				1CC6FF2D2767BDCC00B68785 /* Sources */,
				1CC6FF2E2767BDCC00B68785 /* Frameworks */,
				1CC6FF2F2767BDCC00B68785 /* Resources */,
			);
			buildRules = (
			);
			dependencies = (
			);
			name = "TaroterWatchOS WatchKit Extension";
			productName = "TaroterWatchOS WatchKit Extension";
			productReference = 1CC6FF312767BDCC00B68785 /* TaroterWatchOS WatchKit Extension.appex */;
			productType = "com.apple.product-type.watchkit2-extension";
		};
		1CE5B42127761E69009E200D /* TaroterMacOS */ = {
			isa = PBXNativeTarget;
			buildConfigurationList = 1CE5B43527761E6A009E200D /* Build configuration list for PBXNativeTarget "TaroterMacOS" */;
			buildPhases = (
				1CE5B41E27761E69009E200D /* Sources */,
				1CE5B41F27761E69009E200D /* Frameworks */,
				1CE5B42027761E69009E200D /* Resources */,
			);
			buildRules = (
			);
			dependencies = (
			);
			name = TaroterMacOS;
			productName = TaroterMacOS;
			productReference = 1CE5B42227761E69009E200D /* Taroter.app */;
			productType = "com.apple.product-type.application";
		};
/* End PBXNativeTarget section */

/* Begin PBXProject section */
		1C531FE927182B87005AD950 /* Project object */ = {
			isa = PBXProject;
			attributes = {
				BuildIndependentTargetsInParallel = 1;
				LastSwiftUpdateCheck = 1320;
				LastUpgradeCheck = 1310;
				TargetAttributes = {
					1C531FF027182B87005AD950 = {
						CreatedOnToolsVersion = 13.0;
					};
					1CC6FF282767BDC700B68785 = {
						CreatedOnToolsVersion = 13.1;
					};
					1CC6FF302767BDCC00B68785 = {
						CreatedOnToolsVersion = 13.1;
					};
					1CE5B42127761E69009E200D = {
						CreatedOnToolsVersion = 13.2.1;
					};
				};
			};
			buildConfigurationList = 1C531FEC27182B87005AD950 /* Build configuration list for PBXProject "Taroter" */;
			compatibilityVersion = "Xcode 13.0";
			developmentRegion = en;
			hasScannedForEncodings = 0;
			knownRegions = (
				en,
				Base,
				pl,
			);
			mainGroup = 1C531FE827182B87005AD950;
			productRefGroup = 1C531FF227182B87005AD950 /* Products */;
			projectDirPath = "";
			projectRoot = "";
			targets = (
				1C531FF027182B87005AD950 /* Taroter */,
				1CC6FF282767BDC700B68785 /* TaroterWatchOS */,
				1CC6FF302767BDCC00B68785 /* TaroterWatchOS WatchKit Extension */,
				1CE5B42127761E69009E200D /* TaroterMacOS */,
			);
		};
/* End PBXProject section */

/* Begin PBXResourcesBuildPhase section */
		1C531FEF27182B87005AD950 /* Resources */ = {
			isa = PBXResourcesBuildPhase;
			buildActionMask = 2147483647;
			files = (
				1C531FFC27182B89005AD950 /* Preview Assets.xcassets in Resources */,
				1C53201227182FAE005AD950 /* Localizable.strings in Resources */,
				1C310DE727230B4B007EB058 /* Launch Screen.storyboard in Resources */,
				1C531FF927182B89005AD950 /* Assets.xcassets in Resources */,
			);
			runOnlyForDeploymentPostprocessing = 0;
		};
		1CC6FF272767BDC700B68785 /* Resources */ = {
			isa = PBXResourcesBuildPhase;
			buildActionMask = 2147483647;
			files = (
				1CC6FF2C2767BDCB00B68785 /* Assets.xcassets in Resources */,
				1CC6FF4D2767C23200B68785 /* Localizable.strings in Resources */,
			);
			runOnlyForDeploymentPostprocessing = 0;
		};
		1CC6FF2F2767BDCC00B68785 /* Resources */ = {
			isa = PBXResourcesBuildPhase;
			buildActionMask = 2147483647;
			files = (
				1CC6FF402767BDCD00B68785 /* Preview Assets.xcassets in Resources */,
				1CC6FF4F2767C23F00B68785 /* Localizable.strings in Resources */,
				1C6899882767F3BB004C4091 /* Assets.xcassets in Resources */,
				1CC6FF3D2767BDCD00B68785 /* Assets.xcassets in Resources */,
			);
			runOnlyForDeploymentPostprocessing = 0;
		};
		1CE5B42027761E69009E200D /* Resources */ = {
			isa = PBXResourcesBuildPhase;
			buildActionMask = 2147483647;
			files = (
				1CE5B42C27761E6A009E200D /* Preview Assets.xcassets in Resources */,
				1C770F122776618B005FA2F9 /* Localizable.strings in Resources */,
				1CE5B42927761E6A009E200D /* Assets.xcassets in Resources */,
			);
			runOnlyForDeploymentPostprocessing = 0;
		};
/* End PBXResourcesBuildPhase section */

/* Begin PBXSourcesBuildPhase section */
		1C531FED27182B87005AD950 /* Sources */ = {
			isa = PBXSourcesBuildPhase;
			buildActionMask = 2147483647;
			files = (
				1CB9815D2729C845005A0B09 /* TarotCardModel.swift in Sources */,
				1C53200B27182DD0005AD950 /* MainButtonStyle.swift in Sources */,
				1C53200627182C62005AD950 /* WelcomeScreen.swift in Sources */,
				1C531FF727182B87005AD950 /* MainView.swift in Sources */,
				1C531FF527182B87005AD950 /* TaroterApp.swift in Sources */,
				1C24A3582735DFBC000BC723 /* SearchBar.swift in Sources */,
				1C407F7C2729E7A0004043D8 /* TarotCardsEnum.swift in Sources */,
				1C07C01127229E1C007187D6 /* ScannerCoordinator.swift in Sources */,
				1C53200F27182F7C005AD950 /* LocalizedStrings.swift in Sources */,
				1CB9815F2729C9AC005A0B09 /* ArcanaEnum.swift in Sources */,
				1C53201727183302005AD950 /* HomeView.swift in Sources */,
				1C7F81992769590F0084F2BF /* ListBuilder.swift in Sources */,
				1C532019271839BA005AD950 /* AllCardsView.swift in Sources */,
				1C53200827182CE6005AD950 /* WelcomeView.swift in Sources */,
				1C960610274C4061007125C1 /* GridCard.swift in Sources */,
				1C07C00E27229A32007187D6 /* Scanner.swift in Sources */,
				1CB981612729CF08005A0B09 /* TarotBooleanEnum.swift in Sources */,
				1C24A35A2735E2C4000BC723 /* CardDetailView.swift in Sources */,
				1C654625271CD09E00DDC36C /* TaroterCardModel.mlpackage in Sources */,
				1C7F8195276951CA0084F2BF /* CardManager.swift in Sources */,
			);
			runOnlyForDeploymentPostprocessing = 0;
		};
		1CC6FF2D2767BDCC00B68785 /* Sources */ = {
			isa = PBXSourcesBuildPhase;
			buildActionMask = 2147483647;
			files = (
				1C6899832767EFF3004C4091 /* TarotCardsEnum.swift in Sources */,
				1C7F819A276959220084F2BF /* ListBuilder.swift in Sources */,
				1C6899822767EFF0004C4091 /* TarotCardModel.swift in Sources */,
				1CC6FF372767BDCC00B68785 /* MainView.swift in Sources */,
				1CC6FF4E2767C23B00B68785 /* LocalizedStrings.swift in Sources */,
				1C6899852767F113004C4091 /* TarotBooleanEnum.swift in Sources */,
				1C7F8196276951DE0084F2BF /* CardManager.swift in Sources */,
				1C7F819C27695D390084F2BF /* CardDetailView.swift in Sources */,
				1C9CA0E82769445A00C4BF20 /* SearchBar.swift in Sources */,
				1C6899862767F115004C4091 /* ArcanaEnum.swift in Sources */,
				1CC6FF392767BDCC00B68785 /* TaroterApp.swift in Sources */,
			);
			runOnlyForDeploymentPostprocessing = 0;
		};
		1CE5B41E27761E69009E200D /* Sources */ = {
			isa = PBXSourcesBuildPhase;
			buildActionMask = 2147483647;
			files = (
				1C770F1027766116005FA2F9 /* TarotBooleanEnum.swift in Sources */,
				1C28428C27775F2000B19AD5 /* BlurView.swift in Sources */,
				1CF050FD2791B1A700CD881D /* TarotCardViewModel.swift in Sources */,
				1CE5B42E27761E6A009E200D /* Persistence.swift in Sources */,
				1C7144B5278B005900FA9AC5 /* SpreadCard.swift in Sources */,
				1C26215A2781FC950035BA1F /* NSSet+ConvertSetToArray.swift in Sources */,
				1C420602277E07C600B0199F /* SpreadTemplateView.swift in Sources */,
				1C62FD4A27863C1100F428C1 /* SpreadTarotCard.swift in Sources */,
				1C28428627775E8500B19AD5 /* SideBarButtonStyle.swift in Sources */,
				1CC5EE9227788F69003DE010 /* CardsView.swift in Sources */,
				1CB953EF2785C2BA00F109E2 /* SpreadTemplatePreview.swift in Sources */,
				1CE71758278F5B610007ED61 /* TemplateCardViewModel.swift in Sources */,
				1CB953F12785CE4900F109E2 /* SegmentedPickerStyle.swift in Sources */,
				1C9CDECD27B040FB00902ECE /* CardViewManager.swift in Sources */,
				1C420604277E0A5F00B0199F /* TemplateCardView.swift in Sources */,
				1CE5B43127761E6A009E200D /* Taroter.xcdatamodeld in Sources */,
				1C1D17D7277C793A00089DF8 /* TextFieldAlert.swift in Sources */,
				1C71905927AD98FE0067BA09 /* TemplateCardModifier.swift in Sources */,
				1C770F0F27766114005FA2F9 /* ArcanaEnum.swift in Sources */,
				1C258A2B278476B300E72A86 /* CloseButton.swift in Sources */,
				1C1D17DA277C796600089DF8 /* TemplateCard.swift in Sources */,
				1CF050FB2791B0FF00CD881D /* Background.swift in Sources */,
				1CC5EE95277893F8003DE010 /* CardDetailView.swift in Sources */,
				1C770F132776618E005FA2F9 /* LocalizedStrings.swift in Sources */,
				1CB953F32785CF0700F109E2 /* SavedTemplates.swift in Sources */,
				1C62FD482786391F00F428C1 /* NewSpreadView.swift in Sources */,
				1C372F46278C556B00166246 /* SavedSpreads.swift in Sources */,
				1CE5B42727761E69009E200D /* MainView.swift in Sources */,
				1C83036B2783797900559BF9 /* Tabs.swift in Sources */,
				1C28428A27775EFC00B19AD5 /* SideBarButton.swift in Sources */,
				1CD3B18627AC75E000CFCDBB /* SavedSpreadCardView.swift in Sources */,
				1CB953FB2785FB6500F109E2 /* CreateSpreadView.swift in Sources */,
				1C5257CF2785B673006F8BCF /* SegmentedPickerButton.swift in Sources */,
				1CB953F82785EE9D00F109E2 /* ExpandableView.swift in Sources */,
				1C629DA027B05F37001DD533 /* EmptySpreadLabelModifier.swift in Sources */,
				1CB953F62785D13900F109E2 /* NewSpreadTemplate.swift in Sources */,
				1C770F1127766168005FA2F9 /* CardManager.swift in Sources */,
				1CE5B42527761E69009E200D /* TaroterMacOSApp.swift in Sources */,
				1C770F0D27766110005FA2F9 /* TarotCardModel.swift in Sources */,
				1CF73482278DA47A000A33FD /* TextFieldAlertViewModel.swift in Sources */,
				1C770F1627766859005FA2F9 /* ListBuilder.swift in Sources */,
				1C770F0E27766112005FA2F9 /* TarotCardsEnum.swift in Sources */,
				1C5257D22785B89B006F8BCF /* SpreadTabs.swift in Sources */,
				1CF050F92791AC7900CD881D /* SpreadPreview.swift in Sources */,
			);
			runOnlyForDeploymentPostprocessing = 0;
		};
/* End PBXSourcesBuildPhase section */

/* Begin PBXTargetDependency section */
		1CC6FF342767BDCC00B68785 /* PBXTargetDependency */ = {
			isa = PBXTargetDependency;
			target = 1CC6FF302767BDCC00B68785 /* TaroterWatchOS WatchKit Extension */;
			targetProxy = 1CC6FF332767BDCC00B68785 /* PBXContainerItemProxy */;
		};
		1CC6FF432767BDCD00B68785 /* PBXTargetDependency */ = {
			isa = PBXTargetDependency;
			target = 1CC6FF282767BDC700B68785 /* TaroterWatchOS */;
			targetProxy = 1CC6FF422767BDCD00B68785 /* PBXContainerItemProxy */;
		};
/* End PBXTargetDependency section */

/* Begin PBXVariantGroup section */
		1C53201427182FAE005AD950 /* Localizable.strings */ = {
			isa = PBXVariantGroup;
			children = (
				1C53201327182FAE005AD950 /* en */,
				1C53201527182FB1005AD950 /* pl */,
			);
			name = Localizable.strings;
			sourceTree = "<group>";
		};
/* End PBXVariantGroup section */

/* Begin XCBuildConfiguration section */
		1C531FFD27182B89005AD950 /* Debug */ = {
			isa = XCBuildConfiguration;
			buildSettings = {
				ALWAYS_SEARCH_USER_PATHS = NO;
				CLANG_ANALYZER_LOCALIZABILITY_NONLOCALIZED = YES;
				CLANG_ANALYZER_NONNULL = YES;
				CLANG_ANALYZER_NUMBER_OBJECT_CONVERSION = YES_AGGRESSIVE;
				CLANG_CXX_LANGUAGE_STANDARD = "gnu++17";
				CLANG_CXX_LIBRARY = "libc++";
				CLANG_ENABLE_MODULES = YES;
				CLANG_ENABLE_OBJC_ARC = YES;
				CLANG_ENABLE_OBJC_WEAK = YES;
				CLANG_WARN_BLOCK_CAPTURE_AUTORELEASING = YES;
				CLANG_WARN_BOOL_CONVERSION = YES;
				CLANG_WARN_COMMA = YES;
				CLANG_WARN_CONSTANT_CONVERSION = YES;
				CLANG_WARN_DEPRECATED_OBJC_IMPLEMENTATIONS = YES;
				CLANG_WARN_DIRECT_OBJC_ISA_USAGE = YES_ERROR;
				CLANG_WARN_DOCUMENTATION_COMMENTS = YES;
				CLANG_WARN_EMPTY_BODY = YES;
				CLANG_WARN_ENUM_CONVERSION = YES;
				CLANG_WARN_INFINITE_RECURSION = YES;
				CLANG_WARN_INT_CONVERSION = YES;
				CLANG_WARN_NON_LITERAL_NULL_CONVERSION = YES;
				CLANG_WARN_OBJC_IMPLICIT_RETAIN_SELF = YES;
				CLANG_WARN_OBJC_LITERAL_CONVERSION = YES;
				CLANG_WARN_OBJC_ROOT_CLASS = YES_ERROR;
				CLANG_WARN_QUOTED_INCLUDE_IN_FRAMEWORK_HEADER = YES;
				CLANG_WARN_RANGE_LOOP_ANALYSIS = YES;
				CLANG_WARN_STRICT_PROTOTYPES = YES;
				CLANG_WARN_SUSPICIOUS_MOVE = YES;
				CLANG_WARN_UNGUARDED_AVAILABILITY = YES_AGGRESSIVE;
				CLANG_WARN_UNREACHABLE_CODE = YES;
				CLANG_WARN__DUPLICATE_METHOD_MATCH = YES;
				COPY_PHASE_STRIP = NO;
				DEBUG_INFORMATION_FORMAT = dwarf;
				ENABLE_STRICT_OBJC_MSGSEND = YES;
				ENABLE_TESTABILITY = YES;
				GCC_C_LANGUAGE_STANDARD = gnu11;
				GCC_DYNAMIC_NO_PIC = NO;
				GCC_NO_COMMON_BLOCKS = YES;
				GCC_OPTIMIZATION_LEVEL = 0;
				GCC_PREPROCESSOR_DEFINITIONS = (
					"DEBUG=1",
					"$(inherited)",
				);
				GCC_WARN_64_TO_32_BIT_CONVERSION = YES;
				GCC_WARN_ABOUT_RETURN_TYPE = YES_ERROR;
				GCC_WARN_UNDECLARED_SELECTOR = YES;
				GCC_WARN_UNINITIALIZED_AUTOS = YES_AGGRESSIVE;
				GCC_WARN_UNUSED_FUNCTION = YES;
				GCC_WARN_UNUSED_VARIABLE = YES;
				IPHONEOS_DEPLOYMENT_TARGET = 14.0;
				MACOSX_DEPLOYMENT_TARGET = 12.0;
				MTL_ENABLE_DEBUG_INFO = INCLUDE_SOURCE;
				MTL_FAST_MATH = YES;
				ONLY_ACTIVE_ARCH = YES;
				SDKROOT = iphoneos;
				SWIFT_ACTIVE_COMPILATION_CONDITIONS = DEBUG;
				SWIFT_OPTIMIZATION_LEVEL = "-Onone";
			};
			name = Debug;
		};
		1C531FFE27182B89005AD950 /* Release */ = {
			isa = XCBuildConfiguration;
			buildSettings = {
				ALWAYS_SEARCH_USER_PATHS = NO;
				CLANG_ANALYZER_LOCALIZABILITY_NONLOCALIZED = YES;
				CLANG_ANALYZER_NONNULL = YES;
				CLANG_ANALYZER_NUMBER_OBJECT_CONVERSION = YES_AGGRESSIVE;
				CLANG_CXX_LANGUAGE_STANDARD = "gnu++17";
				CLANG_CXX_LIBRARY = "libc++";
				CLANG_ENABLE_MODULES = YES;
				CLANG_ENABLE_OBJC_ARC = YES;
				CLANG_ENABLE_OBJC_WEAK = YES;
				CLANG_WARN_BLOCK_CAPTURE_AUTORELEASING = YES;
				CLANG_WARN_BOOL_CONVERSION = YES;
				CLANG_WARN_COMMA = YES;
				CLANG_WARN_CONSTANT_CONVERSION = YES;
				CLANG_WARN_DEPRECATED_OBJC_IMPLEMENTATIONS = YES;
				CLANG_WARN_DIRECT_OBJC_ISA_USAGE = YES_ERROR;
				CLANG_WARN_DOCUMENTATION_COMMENTS = YES;
				CLANG_WARN_EMPTY_BODY = YES;
				CLANG_WARN_ENUM_CONVERSION = YES;
				CLANG_WARN_INFINITE_RECURSION = YES;
				CLANG_WARN_INT_CONVERSION = YES;
				CLANG_WARN_NON_LITERAL_NULL_CONVERSION = YES;
				CLANG_WARN_OBJC_IMPLICIT_RETAIN_SELF = YES;
				CLANG_WARN_OBJC_LITERAL_CONVERSION = YES;
				CLANG_WARN_OBJC_ROOT_CLASS = YES_ERROR;
				CLANG_WARN_QUOTED_INCLUDE_IN_FRAMEWORK_HEADER = YES;
				CLANG_WARN_RANGE_LOOP_ANALYSIS = YES;
				CLANG_WARN_STRICT_PROTOTYPES = YES;
				CLANG_WARN_SUSPICIOUS_MOVE = YES;
				CLANG_WARN_UNGUARDED_AVAILABILITY = YES_AGGRESSIVE;
				CLANG_WARN_UNREACHABLE_CODE = YES;
				CLANG_WARN__DUPLICATE_METHOD_MATCH = YES;
				COPY_PHASE_STRIP = NO;
				DEBUG_INFORMATION_FORMAT = "dwarf-with-dsym";
				ENABLE_NS_ASSERTIONS = NO;
				ENABLE_STRICT_OBJC_MSGSEND = YES;
				GCC_C_LANGUAGE_STANDARD = gnu11;
				GCC_NO_COMMON_BLOCKS = YES;
				GCC_WARN_64_TO_32_BIT_CONVERSION = YES;
				GCC_WARN_ABOUT_RETURN_TYPE = YES_ERROR;
				GCC_WARN_UNDECLARED_SELECTOR = YES;
				GCC_WARN_UNINITIALIZED_AUTOS = YES_AGGRESSIVE;
				GCC_WARN_UNUSED_FUNCTION = YES;
				GCC_WARN_UNUSED_VARIABLE = YES;
				IPHONEOS_DEPLOYMENT_TARGET = 14.0;
				MACOSX_DEPLOYMENT_TARGET = 12.0;
				MTL_ENABLE_DEBUG_INFO = NO;
				MTL_FAST_MATH = YES;
				SDKROOT = iphoneos;
				SWIFT_COMPILATION_MODE = wholemodule;
				SWIFT_OPTIMIZATION_LEVEL = "-O";
				VALIDATE_PRODUCT = YES;
			};
			name = Release;
		};
		1C53200027182B89005AD950 /* Debug */ = {
			isa = XCBuildConfiguration;
			buildSettings = {
				ASSETCATALOG_COMPILER_APPICON_NAME = AppIcon;
				ASSETCATALOG_COMPILER_GLOBAL_ACCENT_COLOR_NAME = AccentColor;
				CODE_SIGN_STYLE = Automatic;
				CURRENT_PROJECT_VERSION = 1;
				DEVELOPMENT_ASSET_PATHS = "\"TaroterIOS/Preview Content\"";
				DEVELOPMENT_TEAM = G6NTB33VYZ;
				ENABLE_PREVIEWS = YES;
				GENERATE_INFOPLIST_FILE = YES;
				INFOPLIST_KEY_NSCameraUsageDescription = "We need permission to use a camera to be able to scan the card.";
				INFOPLIST_KEY_UIApplicationSceneManifest_Generation = YES;
				INFOPLIST_KEY_UIApplicationSupportsIndirectInputEvents = YES;
				INFOPLIST_KEY_UILaunchScreen_Generation = YES;
				INFOPLIST_KEY_UILaunchStoryboardName = "Launch Screen";
				INFOPLIST_KEY_UISupportedInterfaceOrientations_iPad = "UIInterfaceOrientationPortrait UIInterfaceOrientationPortraitUpsideDown UIInterfaceOrientationLandscapeLeft UIInterfaceOrientationLandscapeRight";
				INFOPLIST_KEY_UISupportedInterfaceOrientations_iPhone = "UIInterfaceOrientationPortrait UIInterfaceOrientationLandscapeLeft UIInterfaceOrientationLandscapeRight";
				IPHONEOS_DEPLOYMENT_TARGET = 14.0;
				LD_RUNPATH_SEARCH_PATHS = (
					"$(inherited)",
					"@executable_path/Frameworks",
				);
				MARKETING_VERSION = 1.0;
				PRODUCT_BUNDLE_IDENTIFIER = com.jakubdabrowski.Taroter;
				PRODUCT_NAME = "$(TARGET_NAME)";
				SWIFT_EMIT_LOC_STRINGS = YES;
				SWIFT_VERSION = 5.0;
				TARGETED_DEVICE_FAMILY = "1,2";
			};
			name = Debug;
		};
		1C53200127182B89005AD950 /* Release */ = {
			isa = XCBuildConfiguration;
			buildSettings = {
				ASSETCATALOG_COMPILER_APPICON_NAME = AppIcon;
				ASSETCATALOG_COMPILER_GLOBAL_ACCENT_COLOR_NAME = AccentColor;
				CODE_SIGN_STYLE = Automatic;
				CURRENT_PROJECT_VERSION = 1;
				DEVELOPMENT_ASSET_PATHS = "\"TaroterIOS/Preview Content\"";
				DEVELOPMENT_TEAM = G6NTB33VYZ;
				ENABLE_PREVIEWS = YES;
				GENERATE_INFOPLIST_FILE = YES;
				INFOPLIST_KEY_NSCameraUsageDescription = "We need permission to use a camera to be able to scan the card.";
				INFOPLIST_KEY_UIApplicationSceneManifest_Generation = YES;
				INFOPLIST_KEY_UIApplicationSupportsIndirectInputEvents = YES;
				INFOPLIST_KEY_UILaunchScreen_Generation = YES;
				INFOPLIST_KEY_UILaunchStoryboardName = "Launch Screen";
				INFOPLIST_KEY_UISupportedInterfaceOrientations_iPad = "UIInterfaceOrientationPortrait UIInterfaceOrientationPortraitUpsideDown UIInterfaceOrientationLandscapeLeft UIInterfaceOrientationLandscapeRight";
				INFOPLIST_KEY_UISupportedInterfaceOrientations_iPhone = "UIInterfaceOrientationPortrait UIInterfaceOrientationLandscapeLeft UIInterfaceOrientationLandscapeRight";
				IPHONEOS_DEPLOYMENT_TARGET = 14.0;
				LD_RUNPATH_SEARCH_PATHS = (
					"$(inherited)",
					"@executable_path/Frameworks",
				);
				MARKETING_VERSION = 1.0;
				PRODUCT_BUNDLE_IDENTIFIER = com.jakubdabrowski.Taroter;
				PRODUCT_NAME = "$(TARGET_NAME)";
				SWIFT_EMIT_LOC_STRINGS = YES;
				SWIFT_VERSION = 5.0;
				TARGETED_DEVICE_FAMILY = "1,2";
			};
			name = Release;
		};
		1CC6FF462767BDCD00B68785 /* Debug */ = {
			isa = XCBuildConfiguration;
			buildSettings = {
				ALWAYS_EMBED_SWIFT_STANDARD_LIBRARIES = YES;
				ASSETCATALOG_COMPILER_APPICON_NAME = AppIcon;
				ASSETCATALOG_COMPILER_GLOBAL_ACCENT_COLOR_NAME = AccentColor;
				CODE_SIGN_STYLE = Automatic;
				CURRENT_PROJECT_VERSION = 1;
				DEVELOPMENT_TEAM = G6NTB33VYZ;
				GENERATE_INFOPLIST_FILE = YES;
				IBSC_MODULE = TaroterWatchOS_WatchKit_Extension;
				INFOPLIST_KEY_UISupportedInterfaceOrientations = "UIInterfaceOrientationPortrait UIInterfaceOrientationPortraitUpsideDown";
				INFOPLIST_KEY_WKCompanionAppBundleIdentifier = com.jakubdabrowski.Taroter;
				MARKETING_VERSION = 1.0;
				PRODUCT_BUNDLE_IDENTIFIER = com.jakubdabrowski.Taroter.watchkitapp;
				PRODUCT_NAME = Taroter;
				SDKROOT = watchos;
				SKIP_INSTALL = YES;
				SWIFT_EMIT_LOC_STRINGS = YES;
				SWIFT_VERSION = 5.0;
				TARGETED_DEVICE_FAMILY = 4;
				WATCHOS_DEPLOYMENT_TARGET = 7.0;
			};
			name = Debug;
		};
		1CC6FF472767BDCD00B68785 /* Release */ = {
			isa = XCBuildConfiguration;
			buildSettings = {
				ALWAYS_EMBED_SWIFT_STANDARD_LIBRARIES = YES;
				ASSETCATALOG_COMPILER_APPICON_NAME = AppIcon;
				ASSETCATALOG_COMPILER_GLOBAL_ACCENT_COLOR_NAME = AccentColor;
				CODE_SIGN_STYLE = Automatic;
				CURRENT_PROJECT_VERSION = 1;
				DEVELOPMENT_TEAM = G6NTB33VYZ;
				GENERATE_INFOPLIST_FILE = YES;
				IBSC_MODULE = TaroterWatchOS_WatchKit_Extension;
				INFOPLIST_KEY_UISupportedInterfaceOrientations = "UIInterfaceOrientationPortrait UIInterfaceOrientationPortraitUpsideDown";
				INFOPLIST_KEY_WKCompanionAppBundleIdentifier = com.jakubdabrowski.Taroter;
				MARKETING_VERSION = 1.0;
				PRODUCT_BUNDLE_IDENTIFIER = com.jakubdabrowski.Taroter.watchkitapp;
				PRODUCT_NAME = Taroter;
				SDKROOT = watchos;
				SKIP_INSTALL = YES;
				SWIFT_EMIT_LOC_STRINGS = YES;
				SWIFT_VERSION = 5.0;
				TARGETED_DEVICE_FAMILY = 4;
				WATCHOS_DEPLOYMENT_TARGET = 7.0;
			};
			name = Release;
		};
		1CC6FF492767BDCD00B68785 /* Debug */ = {
			isa = XCBuildConfiguration;
			buildSettings = {
				ASSETCATALOG_COMPILER_COMPLICATION_NAME = Complication;
				CODE_SIGN_STYLE = Automatic;
				CURRENT_PROJECT_VERSION = 1;
				DEVELOPMENT_ASSET_PATHS = "\"TaroterWatchOS WatchKit Extension/Preview Content\"";
				DEVELOPMENT_TEAM = G6NTB33VYZ;
				ENABLE_PREVIEWS = YES;
				GENERATE_INFOPLIST_FILE = YES;
				INFOPLIST_FILE = "TaroterWatchOS WatchKit Extension/Info.plist";
				INFOPLIST_KEY_CFBundleDisplayName = "Taroter WatchKit Extension";
				INFOPLIST_KEY_CLKComplicationPrincipalClass = TaroterWatchOS_WatchKit_Extension.ComplicationController;
				INFOPLIST_KEY_NSHumanReadableCopyright = "";
				INFOPLIST_KEY_WKRunsIndependentlyOfCompanionApp = YES;
				LD_RUNPATH_SEARCH_PATHS = (
					"$(inherited)",
					"@executable_path/Frameworks",
					"@executable_path/../../Frameworks",
				);
				MARKETING_VERSION = 1.0;
				PRODUCT_BUNDLE_IDENTIFIER = com.jakubdabrowski.Taroter.watchkitapp.watchkitextension;
				PRODUCT_NAME = "${TARGET_NAME}";
				SDKROOT = watchos;
				SKIP_INSTALL = YES;
				SWIFT_EMIT_LOC_STRINGS = YES;
				SWIFT_VERSION = 5.0;
				TARGETED_DEVICE_FAMILY = 4;
				WATCHOS_DEPLOYMENT_TARGET = 7.0;
			};
			name = Debug;
		};
		1CC6FF4A2767BDCD00B68785 /* Release */ = {
			isa = XCBuildConfiguration;
			buildSettings = {
				ASSETCATALOG_COMPILER_COMPLICATION_NAME = Complication;
				CODE_SIGN_STYLE = Automatic;
				CURRENT_PROJECT_VERSION = 1;
				DEVELOPMENT_ASSET_PATHS = "\"TaroterWatchOS WatchKit Extension/Preview Content\"";
				DEVELOPMENT_TEAM = G6NTB33VYZ;
				ENABLE_PREVIEWS = YES;
				GENERATE_INFOPLIST_FILE = YES;
				INFOPLIST_FILE = "TaroterWatchOS WatchKit Extension/Info.plist";
				INFOPLIST_KEY_CFBundleDisplayName = "Taroter WatchKit Extension";
				INFOPLIST_KEY_CLKComplicationPrincipalClass = TaroterWatchOS_WatchKit_Extension.ComplicationController;
				INFOPLIST_KEY_NSHumanReadableCopyright = "";
				INFOPLIST_KEY_WKRunsIndependentlyOfCompanionApp = YES;
				LD_RUNPATH_SEARCH_PATHS = (
					"$(inherited)",
					"@executable_path/Frameworks",
					"@executable_path/../../Frameworks",
				);
				MARKETING_VERSION = 1.0;
				PRODUCT_BUNDLE_IDENTIFIER = com.jakubdabrowski.Taroter.watchkitapp.watchkitextension;
				PRODUCT_NAME = "${TARGET_NAME}";
				SDKROOT = watchos;
				SKIP_INSTALL = YES;
				SWIFT_EMIT_LOC_STRINGS = YES;
				SWIFT_VERSION = 5.0;
				TARGETED_DEVICE_FAMILY = 4;
				WATCHOS_DEPLOYMENT_TARGET = 7.0;
			};
			name = Release;
		};
		1CE5B43327761E6A009E200D /* Debug */ = {
			isa = XCBuildConfiguration;
			buildSettings = {
				ASSETCATALOG_COMPILER_APPICON_NAME = AppIcon;
				ASSETCATALOG_COMPILER_GLOBAL_ACCENT_COLOR_NAME = AccentColor;
				CODE_SIGN_ENTITLEMENTS = TaroterMacOS/TaroterMacOS.entitlements;
				CODE_SIGN_STYLE = Automatic;
				COMBINE_HIDPI_IMAGES = YES;
				CURRENT_PROJECT_VERSION = 2;
				DEVELOPMENT_ASSET_PATHS = "\"TaroterMacOS/Preview Content\"";
				DEVELOPMENT_TEAM = G6NTB33VYZ;
				ENABLE_HARDENED_RUNTIME = YES;
				ENABLE_PREVIEWS = YES;
				GENERATE_INFOPLIST_FILE = YES;
				INFOPLIST_KEY_LSApplicationCategoryType = "public.app-category.utilities";
				INFOPLIST_KEY_NSHumanReadableCopyright = "";
				LD_RUNPATH_SEARCH_PATHS = (
					"$(inherited)",
					"@executable_path/../Frameworks",
				);
				MACOSX_DEPLOYMENT_TARGET = 12.0;
				MARKETING_VERSION = 1.0;
				PRODUCT_BUNDLE_IDENTIFIER = com.jakubdabrowski.TaroterMacOS;
				PRODUCT_NAME = Taroter;
				SDKROOT = macosx;
				SWIFT_EMIT_LOC_STRINGS = YES;
				SWIFT_VERSION = 5.0;
			};
			name = Debug;
		};
		1CE5B43427761E6A009E200D /* Release */ = {
			isa = XCBuildConfiguration;
			buildSettings = {
				ASSETCATALOG_COMPILER_APPICON_NAME = AppIcon;
				ASSETCATALOG_COMPILER_GLOBAL_ACCENT_COLOR_NAME = AccentColor;
				CODE_SIGN_ENTITLEMENTS = TaroterMacOS/TaroterMacOS.entitlements;
				CODE_SIGN_STYLE = Automatic;
				COMBINE_HIDPI_IMAGES = YES;
				CURRENT_PROJECT_VERSION = 2;
				DEVELOPMENT_ASSET_PATHS = "\"TaroterMacOS/Preview Content\"";
				DEVELOPMENT_TEAM = G6NTB33VYZ;
				ENABLE_HARDENED_RUNTIME = YES;
				ENABLE_PREVIEWS = YES;
				GENERATE_INFOPLIST_FILE = YES;
				INFOPLIST_KEY_LSApplicationCategoryType = "public.app-category.utilities";
				INFOPLIST_KEY_NSHumanReadableCopyright = "";
				LD_RUNPATH_SEARCH_PATHS = (
					"$(inherited)",
					"@executable_path/../Frameworks",
				);
				MACOSX_DEPLOYMENT_TARGET = 12.0;
				MARKETING_VERSION = 1.0;
				PRODUCT_BUNDLE_IDENTIFIER = com.jakubdabrowski.TaroterMacOS;
				PRODUCT_NAME = Taroter;
				SDKROOT = macosx;
				SWIFT_EMIT_LOC_STRINGS = YES;
				SWIFT_VERSION = 5.0;
			};
			name = Release;
		};
/* End XCBuildConfiguration section */

/* Begin XCConfigurationList section */
		1C531FEC27182B87005AD950 /* Build configuration list for PBXProject "Taroter" */ = {
			isa = XCConfigurationList;
			buildConfigurations = (
				1C531FFD27182B89005AD950 /* Debug */,
				1C531FFE27182B89005AD950 /* Release */,
			);
			defaultConfigurationIsVisible = 0;
			defaultConfigurationName = Release;
		};
		1C531FFF27182B89005AD950 /* Build configuration list for PBXNativeTarget "Taroter" */ = {
			isa = XCConfigurationList;
			buildConfigurations = (
				1C53200027182B89005AD950 /* Debug */,
				1C53200127182B89005AD950 /* Release */,
			);
			defaultConfigurationIsVisible = 0;
			defaultConfigurationName = Release;
		};
		1CC6FF4B2767BDCD00B68785 /* Build configuration list for PBXNativeTarget "TaroterWatchOS WatchKit Extension" */ = {
			isa = XCConfigurationList;
			buildConfigurations = (
				1CC6FF492767BDCD00B68785 /* Debug */,
				1CC6FF4A2767BDCD00B68785 /* Release */,
			);
			defaultConfigurationIsVisible = 0;
			defaultConfigurationName = Release;
		};
		1CC6FF4C2767BDCD00B68785 /* Build configuration list for PBXNativeTarget "TaroterWatchOS" */ = {
			isa = XCConfigurationList;
			buildConfigurations = (
				1CC6FF462767BDCD00B68785 /* Debug */,
				1CC6FF472767BDCD00B68785 /* Release */,
			);
			defaultConfigurationIsVisible = 0;
			defaultConfigurationName = Release;
		};
		1CE5B43527761E6A009E200D /* Build configuration list for PBXNativeTarget "TaroterMacOS" */ = {
			isa = XCConfigurationList;
			buildConfigurations = (
				1CE5B43327761E6A009E200D /* Debug */,
				1CE5B43427761E6A009E200D /* Release */,
			);
			defaultConfigurationIsVisible = 0;
			defaultConfigurationName = Release;
		};
/* End XCConfigurationList section */

/* Begin XCVersionGroup section */
		1CE5B42F27761E6A009E200D /* Taroter.xcdatamodeld */ = {
			isa = XCVersionGroup;
			children = (
				1CE5B43027761E6A009E200D /* TaroterMacOS.xcdatamodel */,
			);
			currentVersion = 1CE5B43027761E6A009E200D /* TaroterMacOS.xcdatamodel */;
			path = Taroter.xcdatamodeld;
			sourceTree = "<group>";
			versionGroupType = wrapper.xcdatamodel;
		};
/* End XCVersionGroup section */
	};
	rootObject = 1C531FE927182B87005AD950 /* Project object */;
}
